
Microsoft Visual Studio Solution File, Format Version 12.00
# Visual Studio Version 17
VisualStudioVersion = 17.2.32616.157
MinimumVisualStudioVersion = 10.0.40219.1
Project("{FAE04EC0-301F-11D3-BF4B-00C04F79EFBC}") = "Data Types", "Data Types\Data Types.csproj", "{6932E933-5AFA-4BD3-86A4-DF13E848A168}"
EndProject
Global
	GlobalSection(SolutionConfigurationPlatforms) = preSolution
		Debug|Any CPU = Debug|Any CPU
		Release|Any CPU = Release|Any CPU
	EndGlobalSection
	GlobalSection(ProjectConfigurationPlatforms) = postSolution
		{6932E933-5AFA-4BD3-86A4-DF13E848A168}.Debug|Any CPU.ActiveCfg = Debug|Any CPU
		{6932E933-5AFA-4BD3-86A4-DF13E848A168}.Debug|Any CPU.Build.0 = Debug|Any CPU
		{6932E933-5AFA-4BD3-86A4-DF13E848A168}.Release|Any CPU.ActiveCfg = Release|Any CPU
		{6932E933-5AFA-4BD3-86A4-DF13E848A168}.Release|Any CPU.Build.0 = Release|Any CPU
	EndGlobalSection
	GlobalSection(SolutionProperties) = preSolution
		HideSolutionNode = FALSE
	EndGlobalSection
	GlobalSection(ExtensibilityGlobals) = postSolution
		SolutionGuid = {3A1692C9-800B-4CB2-8F41-2BE1AD728D06}
	EndGlobalSection
EndGlobal
